
Microsoft Visual Studio Solution File, Format Version 12.00
# Visual Studio Version 17
VisualStudioVersion = 17.11.35303.130
MinimumVisualStudioVersion = 10.0.40219.1
Project("{2150E333-8FDC-42A3-9474-1A3956D46DE8}") = "src", "src", "{597E27C5-0AE5-429C-A2AE-E8B3A657E044}"
EndProject
Project("{2150E333-8FDC-42A3-9474-1A3956D46DE8}") = "Cores", "Cores", "{689930BA-8C10-424F-A691-6ADD3B064297}"
EndProject
Project("{2150E333-8FDC-42A3-9474-1A3956D46DE8}") = "Services", "Services", "{DB36D2C8-C2B0-4DB9-9024-DBB615F105B9}"
EndProject
Project("{2150E333-8FDC-42A3-9474-1A3956D46DE8}") = "IdentityService", "IdentityService", "{AF535407-F4EB-4B6B-A7DE-A1B272B64CC7}"
EndProject
Project("{9A19103F-16F7-4668-BE54-9A1E7A4F7556}") = "IdentityService.Domain", "src\Services\IdentityService\IdentityService.Domain\IdentityService.Domain.csproj", "{611F6C3A-38CE-4FC9-9A83-6FD2B20E51FE}"
EndProject
Project("{9A19103F-16F7-4668-BE54-9A1E7A4F7556}") = "IdentityService.Persistance.Abstract", "src\Services\IdentityService\IdentityService.Persistance.Abstract\IdentityService.Persistance.Abstract.csproj", "{800ABE51-AF84-474F-8A88-C9274CAF402F}"
EndProject
Project("{9A19103F-16F7-4668-BE54-9A1E7A4F7556}") = "Core.Persistance", "src\Cores\Core.Persistance\Core.Persistance.csproj", "{F2630B34-A845-4697-9CD6-6A5C1B1377ED}"
EndProject
Project("{9A19103F-16F7-4668-BE54-9A1E7A4F7556}") = "IdentityService.Persistance", "src\Services\IdentityService\IdentityService.Persistance\IdentityService.Persistance.csproj", "{4A12E1B8-1864-44CA-A8C7-B9C90FFAFC19}"
EndProject
Project("{9A19103F-16F7-4668-BE54-9A1E7A4F7556}") = "Core.WebAPI.Appsettings", "src\Cores\Core.WebAPI.Appsettings\Core.WebAPI.Appsettings.csproj", "{3FDCC295-324F-4EA8-A3D5-A6BD5B481EE8}"
EndProject
Project("{9A19103F-16F7-4668-BE54-9A1E7A4F7556}") = "Core.Application", "src\Cores\Core.Application\Core.Application.csproj", "{46ECB2E7-5BEA-4099-BAD1-A6158FFA00AB}"
EndProject
Project("{9A19103F-16F7-4668-BE54-9A1E7A4F7556}") = "Core.Security", "src\Cores\Core.Security\Core.Security.csproj", "{BAA7C64E-366E-479A-8CB1-D5B2D4F41113}"
EndProject
Project("{9A19103F-16F7-4668-BE54-9A1E7A4F7556}") = "IdentityService.Application", "src\Services\IdentityService\IdentityService.Application\IdentityService.Application.csproj", "{376134B0-78A8-445A-A084-884C0E51CB5E}"
EndProject
Project("{9A19103F-16F7-4668-BE54-9A1E7A4F7556}") = "Core.CrossCuttingConcerns", "src\Cores\Core.CrossCuttingConcerns\Core.CrossCuttingConcerns.csproj", "{C5D5EB44-D5A0-4748-8B99-28EAD214FF11}"
EndProject
Project("{9A19103F-16F7-4668-BE54-9A1E7A4F7556}") = "Core.ElasticSearch", "src\Cores\Core.ElasticSearch\Core.ElasticSearch.csproj", "{C8E0C243-3731-4FE9-B354-6977B17E086F}"
EndProject
Project("{9A19103F-16F7-4668-BE54-9A1E7A4F7556}") = "Core.Mailing", "src\Cores\Core.Mailing\Core.Mailing.csproj", "{49E29993-9B12-4A4D-9832-34095EFF47DD}"
EndProject
Project("{9A19103F-16F7-4668-BE54-9A1E7A4F7556}") = "Core.Mailing.MailKit", "src\Cores\Core.Mailing.MailKit\Core.Mailing.MailKit.csproj", "{9C20FD3E-9955-44FD-B756-36CA101CDAA8}"
EndProject
Project("{9A19103F-16F7-4668-BE54-9A1E7A4F7556}") = "IdentityService.Api", "src\Services\IdentityService\IdentityService.Api\IdentityService.Api.csproj", "{06C67B76-B0D2-43FD-9BB4-73694D251CB5}"
EndProject
Project("{9A19103F-16F7-4668-BE54-9A1E7A4F7556}") = "IdentityService.Bootstrapper", "src\Services\IdentityService\IdentityService.Bootstrapper\IdentityService.Bootstrapper.csproj", "{C9E7D8B3-C21E-4C1A-B330-85E2157DD204}"
EndProject
Project("{9A19103F-16F7-4668-BE54-9A1E7A4F7556}") = "Core.Api", "src\Cores\Core.Api\Core.Api.csproj", "{F03E7BC8-7320-4FA4-BA23-3622ACD78176}"
EndProject
Project("{9A19103F-16F7-4668-BE54-9A1E7A4F7556}") = "IdentityService.Api.ServiceRegistration", "src\Services\IdentityService\IdentityService.Api.ServiceRegistration\IdentityService.Api.ServiceRegistration.csproj", "{97149566-E0C5-47AE-B240-44D7A6720989}"
EndProject
Project("{2150E333-8FDC-42A3-9474-1A3956D46DE8}") = "CustomerService", "CustomerService", "{F4AF12DD-ED5F-4763-A3C1-E8BACA972582}"
EndProject
Project("{9A19103F-16F7-4668-BE54-9A1E7A4F7556}") = "CustomerService.Domain", "src\Services\CustomerService\CustomerService.Domain\CustomerService.Domain.csproj", "{C5998365-485F-4ACB-A8C5-A1FC555E1901}"
EndProject
Project("{9A19103F-16F7-4668-BE54-9A1E7A4F7556}") = "CustomerService.Persistance", "src\Services\CustomerService\CustomerService.Persistance\CustomerService.Persistance.csproj", "{59E5053B-5D0B-48CC-BC84-E641D08BF09D}"
EndProject
Project("{9A19103F-16F7-4668-BE54-9A1E7A4F7556}") = "CustomerService.Persistance.Abstract", "src\Services\CustomerService\CustomerService.Persistance.Abstract\CustomerService.Persistance.Abstract.csproj", "{65AC66A6-6427-4D66-B18D-11B1D3C22B8D}"
EndProject
Project("{9A19103F-16F7-4668-BE54-9A1E7A4F7556}") = "CustomerService.Application", "src\Services\CustomerService\CustomerService.Application\CustomerService.Application.csproj", "{3E213084-7904-4DB6-8513-0C6AEDF78F33}"
EndProject
Project("{9A19103F-16F7-4668-BE54-9A1E7A4F7556}") = "CustomerService.Bootstrapper", "src\Services\CustomerService\CustomerService.Bootstrapper\CustomerService.Bootstrapper.csproj", "{E2E9DD53-779B-4A77-BE7C-7ECE8FC5A7A3}"
EndProject
Project("{9A19103F-16F7-4668-BE54-9A1E7A4F7556}") = "CustomerService.Api.ServiceRegistration", "src\Services\CustomerService\CustomerService.Api.ServiceRegistration\CustomerService.Api.ServiceRegistration.csproj", "{C91BE21B-C76A-4384-BC85-3C84BA3CF0B9}"
EndProject
Project("{9A19103F-16F7-4668-BE54-9A1E7A4F7556}") = "CustomerService.Api", "src\Services\CustomerService\CustomerService.Api\CustomerService.Api.csproj", "{258F6C44-67B6-46FA-8970-048F741CC1F3}"
EndProject
Project("{2150E333-8FDC-42A3-9474-1A3956D46DE8}") = "Solution Items", "Solution Items", "{5D70542E-9EF5-4CFE-B41D-2D8423B9B61C}"
	ProjectSection(SolutionItems) = preProject
		Solution Items\ServiceUrls.txt = Solution Items\ServiceUrls.txt
	EndProjectSection
EndProject
Project("{2150E333-8FDC-42A3-9474-1A3956D46DE8}") = "SaleService", "SaleService", "{98484E49-79C1-480B-98BD-557BB08D85BA}"
EndProject
Project("{9A19103F-16F7-4668-BE54-9A1E7A4F7556}") = "SaleService.Domain", "src\Services\SaleService\SaleService.Domain\SaleService.Domain.csproj", "{FEB91239-8492-4ACF-96B7-91C51674DF1F}"
EndProject
Project("{9A19103F-16F7-4668-BE54-9A1E7A4F7556}") = "SaleService.Persistance", "src\Services\SaleService\SaleService.Persistance\SaleService.Persistance.csproj", "{641A9EFB-E50A-41FE-B19C-74CA1D83D67B}"
EndProject
Project("{9A19103F-16F7-4668-BE54-9A1E7A4F7556}") = "SaleService.Persistance.Abstract", "src\Services\SaleService\SaleService.Persistance.Abstract\SaleService.Persistance.Abstract.csproj", "{6F8B49FC-5407-4BDE-962E-79ED5F21B074}"
EndProject
Project("{9A19103F-16F7-4668-BE54-9A1E7A4F7556}") = "SaleService.Application", "src\Services\SaleService\SaleService.Application\SaleService.Application.csproj", "{BDCEE8D9-57CF-49F8-B30A-4E1FBCDC09ED}"
EndProject
Project("{9A19103F-16F7-4668-BE54-9A1E7A4F7556}") = "SaleService.Bootstrapper", "src\Services\SaleService\SaleService.Bootstrapper\SaleService.Bootstrapper.csproj", "{35327F85-5514-41AF-89E5-2966CBFAAA9E}"
EndProject
Project("{9A19103F-16F7-4668-BE54-9A1E7A4F7556}") = "SaleService.Api.ServiceRegistration", "src\Services\SaleService\SaleService.Api.ServiceRegistration\SaleService.Api.ServiceRegistration.csproj", "{721CA056-9769-435F-9100-9F1F435327E6}"
EndProject
Project("{9A19103F-16F7-4668-BE54-9A1E7A4F7556}") = "SaleService.Api", "src\Services\SaleService\SaleService.Api\SaleService.Api.csproj", "{0E694D8E-C4D3-4D06-813D-D5956E548830}"
EndProject
Project("{9A19103F-16F7-4668-BE54-9A1E7A4F7556}") = "Core.Redis", "src\Cores\Core.Redis\Core.Redis.csproj", "{D07F443E-28F5-48EE-B58A-DD7BFF5F8A4A}"
EndProject
Project("{2150E333-8FDC-42A3-9474-1A3956D46DE8}") = "BuildingBlocks", "BuildingBlocks", "{30EDAF6F-B7A5-4087-90B0-3347644AF6E7}"
EndProject
Project("{2150E333-8FDC-42A3-9474-1A3956D46DE8}") = "EventBus", "EventBus", "{FF1F8BE4-05B6-4A03-BDCD-9C1D32DF684A}"
EndProject
Project("{9A19103F-16F7-4668-BE54-9A1E7A4F7556}") = "EventBus.Base", "src\BuildingBlocks\EventBus\EventBus.Base\EventBus.Base.csproj", "{C27580F0-45E3-4E6A-959D-2B109FA50BE1}"
EndProject
Project("{9A19103F-16F7-4668-BE54-9A1E7A4F7556}") = "EventBus.Factory", "src\BuildingBlocks\EventBus\EventBus.Factory\EventBus.Factory.csproj", "{16701123-3016-4036-9FAD-98ED083BD23A}"
EndProject
Project("{9A19103F-16F7-4668-BE54-9A1E7A4F7556}") = "EventBus.AzureServiceBus", "src\BuildingBlocks\EventBus\EventBus.AzureServiceBus\EventBus.AzureServiceBus.csproj", "{037B9041-99E4-4181-89E8-B0E769343C47}"
EndProject
Project("{9A19103F-16F7-4668-BE54-9A1E7A4F7556}") = "EventBus.RabbitMQ", "src\BuildingBlocks\EventBus\EventBus.RabbitMQ\EventBus.RabbitMQ.csproj", "{089EAE72-A44C-45D6-97CA-C35649A41F1F}"
EndProject
Project("{2150E333-8FDC-42A3-9474-1A3956D46DE8}") = "ApiGateways", "ApiGateways", "{BA102D60-1B6A-4650-8669-8F3DA2FEC752}"
EndProject
Project("{2150E333-8FDC-42A3-9474-1A3956D46DE8}") = "WebApiGateway", "WebApiGateway", "{EC566CA6-5DAD-4B04-8B0B-44FD52F018F7}"
EndProject
Project("{9A19103F-16F7-4668-BE54-9A1E7A4F7556}") = "Web.ApiGateway", "src\ApiGateways\WebApiGateway\Web.ApiGateway\Web.ApiGateway.csproj", "{B0B827E6-6253-4155-BC40-C410D113147B}"
EndProject
Project("{E53339B2-1760-4266-BCC7-CA923CBCF16C}") = "docker-compose", "docker-compose.dcproj", "{C006D297-1A2F-4A46-9C2B-34887F15ABD6}"
EndProject
Project("{2150E333-8FDC-42A3-9474-1A3956D46DE8}") = "DockerFiles", "DockerFiles", "{B08F1764-ECB1-4CD9-876E-6DCB03931CE2}"
EndProject
Project("{2150E333-8FDC-42A3-9474-1A3956D46DE8}") = "elasticsearch", "elasticsearch", "{7A9C048C-28B5-4D25-9DE8-70B799347E82}"
	ProjectSection(SolutionItems) = preProject
		DockerFiles\elasticsearch\elasticsearch.yml = DockerFiles\elasticsearch\elasticsearch.yml
	EndProjectSection
EndProject
Project("{2150E333-8FDC-42A3-9474-1A3956D46DE8}") = "kibana", "kibana", "{B0F934ED-B94A-405B-B793-47E97C1E947F}"
	ProjectSection(SolutionItems) = preProject
		DockerFiles\kibana\kibana.yml = DockerFiles\kibana\kibana.yml
	EndProjectSection
EndProject
Project("{2150E333-8FDC-42A3-9474-1A3956D46DE8}") = "nginx", "nginx", "{E2C417FC-DA0C-4E77-B71B-26A727788882}"
	ProjectSection(SolutionItems) = preProject
		DockerFiles\nginx\Dockerfile = DockerFiles\nginx\Dockerfile
		DockerFiles\nginx\localhost.conf = DockerFiles\nginx\localhost.conf
		DockerFiles\nginx\test.bash = DockerFiles\nginx\test.bash
	EndProjectSection
EndProject
Global
	GlobalSection(SolutionConfigurationPlatforms) = preSolution
		Debug|Any CPU = Debug|Any CPU
		Release|Any CPU = Release|Any CPU
	EndGlobalSection
	GlobalSection(ProjectConfigurationPlatforms) = postSolution
		{611F6C3A-38CE-4FC9-9A83-6FD2B20E51FE}.Debug|Any CPU.ActiveCfg = Debug|Any CPU
		{611F6C3A-38CE-4FC9-9A83-6FD2B20E51FE}.Debug|Any CPU.Build.0 = Debug|Any CPU
		{611F6C3A-38CE-4FC9-9A83-6FD2B20E51FE}.Release|Any CPU.ActiveCfg = Release|Any CPU
		{611F6C3A-38CE-4FC9-9A83-6FD2B20E51FE}.Release|Any CPU.Build.0 = Release|Any CPU
		{800ABE51-AF84-474F-8A88-C9274CAF402F}.Debug|Any CPU.ActiveCfg = Debug|Any CPU
		{800ABE51-AF84-474F-8A88-C9274CAF402F}.Debug|Any CPU.Build.0 = Debug|Any CPU
		{800ABE51-AF84-474F-8A88-C9274CAF402F}.Release|Any CPU.ActiveCfg = Release|Any CPU
		{800ABE51-AF84-474F-8A88-C9274CAF402F}.Release|Any CPU.Build.0 = Release|Any CPU
		{F2630B34-A845-4697-9CD6-6A5C1B1377ED}.Debug|Any CPU.ActiveCfg = Debug|Any CPU
		{F2630B34-A845-4697-9CD6-6A5C1B1377ED}.Debug|Any CPU.Build.0 = Debug|Any CPU
		{F2630B34-A845-4697-9CD6-6A5C1B1377ED}.Release|Any CPU.ActiveCfg = Release|Any CPU
		{F2630B34-A845-4697-9CD6-6A5C1B1377ED}.Release|Any CPU.Build.0 = Release|Any CPU
		{4A12E1B8-1864-44CA-A8C7-B9C90FFAFC19}.Debug|Any CPU.ActiveCfg = Debug|Any CPU
		{4A12E1B8-1864-44CA-A8C7-B9C90FFAFC19}.Debug|Any CPU.Build.0 = Debug|Any CPU
		{4A12E1B8-1864-44CA-A8C7-B9C90FFAFC19}.Release|Any CPU.ActiveCfg = Release|Any CPU
		{4A12E1B8-1864-44CA-A8C7-B9C90FFAFC19}.Release|Any CPU.Build.0 = Release|Any CPU
		{3FDCC295-324F-4EA8-A3D5-A6BD5B481EE8}.Debug|Any CPU.ActiveCfg = Debug|Any CPU
		{3FDCC295-324F-4EA8-A3D5-A6BD5B481EE8}.Debug|Any CPU.Build.0 = Debug|Any CPU
		{3FDCC295-324F-4EA8-A3D5-A6BD5B481EE8}.Release|Any CPU.ActiveCfg = Release|Any CPU
		{3FDCC295-324F-4EA8-A3D5-A6BD5B481EE8}.Release|Any CPU.Build.0 = Release|Any CPU
		{46ECB2E7-5BEA-4099-BAD1-A6158FFA00AB}.Debug|Any CPU.ActiveCfg = Debug|Any CPU
		{46ECB2E7-5BEA-4099-BAD1-A6158FFA00AB}.Debug|Any CPU.Build.0 = Debug|Any CPU
		{46ECB2E7-5BEA-4099-BAD1-A6158FFA00AB}.Release|Any CPU.ActiveCfg = Release|Any CPU
		{46ECB2E7-5BEA-4099-BAD1-A6158FFA00AB}.Release|Any CPU.Build.0 = Release|Any CPU
		{BAA7C64E-366E-479A-8CB1-D5B2D4F41113}.Debug|Any CPU.ActiveCfg = Debug|Any CPU
		{BAA7C64E-366E-479A-8CB1-D5B2D4F41113}.Debug|Any CPU.Build.0 = Debug|Any CPU
		{BAA7C64E-366E-479A-8CB1-D5B2D4F41113}.Release|Any CPU.ActiveCfg = Release|Any CPU
		{BAA7C64E-366E-479A-8CB1-D5B2D4F41113}.Release|Any CPU.Build.0 = Release|Any CPU
		{376134B0-78A8-445A-A084-884C0E51CB5E}.Debug|Any CPU.ActiveCfg = Debug|Any CPU
		{376134B0-78A8-445A-A084-884C0E51CB5E}.Debug|Any CPU.Build.0 = Debug|Any CPU
		{376134B0-78A8-445A-A084-884C0E51CB5E}.Release|Any CPU.ActiveCfg = Release|Any CPU
		{376134B0-78A8-445A-A084-884C0E51CB5E}.Release|Any CPU.Build.0 = Release|Any CPU
		{C5D5EB44-D5A0-4748-8B99-28EAD214FF11}.Debug|Any CPU.ActiveCfg = Debug|Any CPU
		{C5D5EB44-D5A0-4748-8B99-28EAD214FF11}.Debug|Any CPU.Build.0 = Debug|Any CPU
		{C5D5EB44-D5A0-4748-8B99-28EAD214FF11}.Release|Any CPU.ActiveCfg = Release|Any CPU
		{C5D5EB44-D5A0-4748-8B99-28EAD214FF11}.Release|Any CPU.Build.0 = Release|Any CPU
		{C8E0C243-3731-4FE9-B354-6977B17E086F}.Debug|Any CPU.ActiveCfg = Debug|Any CPU
		{C8E0C243-3731-4FE9-B354-6977B17E086F}.Debug|Any CPU.Build.0 = Debug|Any CPU
		{C8E0C243-3731-4FE9-B354-6977B17E086F}.Release|Any CPU.ActiveCfg = Release|Any CPU
		{C8E0C243-3731-4FE9-B354-6977B17E086F}.Release|Any CPU.Build.0 = Release|Any CPU
		{49E29993-9B12-4A4D-9832-34095EFF47DD}.Debug|Any CPU.ActiveCfg = Debug|Any CPU
		{49E29993-9B12-4A4D-9832-34095EFF47DD}.Debug|Any CPU.Build.0 = Debug|Any CPU
		{49E29993-9B12-4A4D-9832-34095EFF47DD}.Release|Any CPU.ActiveCfg = Release|Any CPU
		{49E29993-9B12-4A4D-9832-34095EFF47DD}.Release|Any CPU.Build.0 = Release|Any CPU
		{9C20FD3E-9955-44FD-B756-36CA101CDAA8}.Debug|Any CPU.ActiveCfg = Debug|Any CPU
		{9C20FD3E-9955-44FD-B756-36CA101CDAA8}.Debug|Any CPU.Build.0 = Debug|Any CPU
		{9C20FD3E-9955-44FD-B756-36CA101CDAA8}.Release|Any CPU.ActiveCfg = Release|Any CPU
		{9C20FD3E-9955-44FD-B756-36CA101CDAA8}.Release|Any CPU.Build.0 = Release|Any CPU
		{06C67B76-B0D2-43FD-9BB4-73694D251CB5}.Debug|Any CPU.ActiveCfg = Debug|Any CPU
		{06C67B76-B0D2-43FD-9BB4-73694D251CB5}.Debug|Any CPU.Build.0 = Debug|Any CPU
		{06C67B76-B0D2-43FD-9BB4-73694D251CB5}.Release|Any CPU.ActiveCfg = Release|Any CPU
		{06C67B76-B0D2-43FD-9BB4-73694D251CB5}.Release|Any CPU.Build.0 = Release|Any CPU
		{C9E7D8B3-C21E-4C1A-B330-85E2157DD204}.Debug|Any CPU.ActiveCfg = Debug|Any CPU
		{C9E7D8B3-C21E-4C1A-B330-85E2157DD204}.Debug|Any CPU.Build.0 = Debug|Any CPU
		{C9E7D8B3-C21E-4C1A-B330-85E2157DD204}.Release|Any CPU.ActiveCfg = Release|Any CPU
		{C9E7D8B3-C21E-4C1A-B330-85E2157DD204}.Release|Any CPU.Build.0 = Release|Any CPU
		{F03E7BC8-7320-4FA4-BA23-3622ACD78176}.Debug|Any CPU.ActiveCfg = Debug|Any CPU
		{F03E7BC8-7320-4FA4-BA23-3622ACD78176}.Debug|Any CPU.Build.0 = Debug|Any CPU
		{F03E7BC8-7320-4FA4-BA23-3622ACD78176}.Release|Any CPU.ActiveCfg = Release|Any CPU
		{F03E7BC8-7320-4FA4-BA23-3622ACD78176}.Release|Any CPU.Build.0 = Release|Any CPU
		{97149566-E0C5-47AE-B240-44D7A6720989}.Debug|Any CPU.ActiveCfg = Debug|Any CPU
		{97149566-E0C5-47AE-B240-44D7A6720989}.Debug|Any CPU.Build.0 = Debug|Any CPU
		{97149566-E0C5-47AE-B240-44D7A6720989}.Release|Any CPU.ActiveCfg = Release|Any CPU
		{97149566-E0C5-47AE-B240-44D7A6720989}.Release|Any CPU.Build.0 = Release|Any CPU
		{C5998365-485F-4ACB-A8C5-A1FC555E1901}.Debug|Any CPU.ActiveCfg = Debug|Any CPU
		{C5998365-485F-4ACB-A8C5-A1FC555E1901}.Debug|Any CPU.Build.0 = Debug|Any CPU
		{C5998365-485F-4ACB-A8C5-A1FC555E1901}.Release|Any CPU.ActiveCfg = Release|Any CPU
		{C5998365-485F-4ACB-A8C5-A1FC555E1901}.Release|Any CPU.Build.0 = Release|Any CPU
		{59E5053B-5D0B-48CC-BC84-E641D08BF09D}.Debug|Any CPU.ActiveCfg = Debug|Any CPU
		{59E5053B-5D0B-48CC-BC84-E641D08BF09D}.Debug|Any CPU.Build.0 = Debug|Any CPU
		{59E5053B-5D0B-48CC-BC84-E641D08BF09D}.Release|Any CPU.ActiveCfg = Release|Any CPU
		{59E5053B-5D0B-48CC-BC84-E641D08BF09D}.Release|Any CPU.Build.0 = Release|Any CPU
		{65AC66A6-6427-4D66-B18D-11B1D3C22B8D}.Debug|Any CPU.ActiveCfg = Debug|Any CPU
		{65AC66A6-6427-4D66-B18D-11B1D3C22B8D}.Debug|Any CPU.Build.0 = Debug|Any CPU
		{65AC66A6-6427-4D66-B18D-11B1D3C22B8D}.Release|Any CPU.ActiveCfg = Release|Any CPU
		{65AC66A6-6427-4D66-B18D-11B1D3C22B8D}.Release|Any CPU.Build.0 = Release|Any CPU
		{3E213084-7904-4DB6-8513-0C6AEDF78F33}.Debug|Any CPU.ActiveCfg = Debug|Any CPU
		{3E213084-7904-4DB6-8513-0C6AEDF78F33}.Debug|Any CPU.Build.0 = Debug|Any CPU
		{3E213084-7904-4DB6-8513-0C6AEDF78F33}.Release|Any CPU.ActiveCfg = Release|Any CPU
		{3E213084-7904-4DB6-8513-0C6AEDF78F33}.Release|Any CPU.Build.0 = Release|Any CPU
		{E2E9DD53-779B-4A77-BE7C-7ECE8FC5A7A3}.Debug|Any CPU.ActiveCfg = Debug|Any CPU
		{E2E9DD53-779B-4A77-BE7C-7ECE8FC5A7A3}.Debug|Any CPU.Build.0 = Debug|Any CPU
		{E2E9DD53-779B-4A77-BE7C-7ECE8FC5A7A3}.Release|Any CPU.ActiveCfg = Release|Any CPU
		{E2E9DD53-779B-4A77-BE7C-7ECE8FC5A7A3}.Release|Any CPU.Build.0 = Release|Any CPU
		{C91BE21B-C76A-4384-BC85-3C84BA3CF0B9}.Debug|Any CPU.ActiveCfg = Debug|Any CPU
		{C91BE21B-C76A-4384-BC85-3C84BA3CF0B9}.Debug|Any CPU.Build.0 = Debug|Any CPU
		{C91BE21B-C76A-4384-BC85-3C84BA3CF0B9}.Release|Any CPU.ActiveCfg = Release|Any CPU
		{C91BE21B-C76A-4384-BC85-3C84BA3CF0B9}.Release|Any CPU.Build.0 = Release|Any CPU
		{258F6C44-67B6-46FA-8970-048F741CC1F3}.Debug|Any CPU.ActiveCfg = Debug|Any CPU
		{258F6C44-67B6-46FA-8970-048F741CC1F3}.Debug|Any CPU.Build.0 = Debug|Any CPU
		{258F6C44-67B6-46FA-8970-048F741CC1F3}.Release|Any CPU.ActiveCfg = Release|Any CPU
		{258F6C44-67B6-46FA-8970-048F741CC1F3}.Release|Any CPU.Build.0 = Release|Any CPU
		{FEB91239-8492-4ACF-96B7-91C51674DF1F}.Debug|Any CPU.ActiveCfg = Debug|Any CPU
		{FEB91239-8492-4ACF-96B7-91C51674DF1F}.Debug|Any CPU.Build.0 = Debug|Any CPU
		{FEB91239-8492-4ACF-96B7-91C51674DF1F}.Release|Any CPU.ActiveCfg = Release|Any CPU
		{FEB91239-8492-4ACF-96B7-91C51674DF1F}.Release|Any CPU.Build.0 = Release|Any CPU
		{641A9EFB-E50A-41FE-B19C-74CA1D83D67B}.Debug|Any CPU.ActiveCfg = Debug|Any CPU
		{641A9EFB-E50A-41FE-B19C-74CA1D83D67B}.Debug|Any CPU.Build.0 = Debug|Any CPU
		{641A9EFB-E50A-41FE-B19C-74CA1D83D67B}.Release|Any CPU.ActiveCfg = Release|Any CPU
		{641A9EFB-E50A-41FE-B19C-74CA1D83D67B}.Release|Any CPU.Build.0 = Release|Any CPU
		{6F8B49FC-5407-4BDE-962E-79ED5F21B074}.Debug|Any CPU.ActiveCfg = Debug|Any CPU
		{6F8B49FC-5407-4BDE-962E-79ED5F21B074}.Debug|Any CPU.Build.0 = Debug|Any CPU
		{6F8B49FC-5407-4BDE-962E-79ED5F21B074}.Release|Any CPU.ActiveCfg = Release|Any CPU
		{6F8B49FC-5407-4BDE-962E-79ED5F21B074}.Release|Any CPU.Build.0 = Release|Any CPU
		{BDCEE8D9-57CF-49F8-B30A-4E1FBCDC09ED}.Debug|Any CPU.ActiveCfg = Debug|Any CPU
		{BDCEE8D9-57CF-49F8-B30A-4E1FBCDC09ED}.Debug|Any CPU.Build.0 = Debug|Any CPU
		{BDCEE8D9-57CF-49F8-B30A-4E1FBCDC09ED}.Release|Any CPU.ActiveCfg = Release|Any CPU
		{BDCEE8D9-57CF-49F8-B30A-4E1FBCDC09ED}.Release|Any CPU.Build.0 = Release|Any CPU
		{35327F85-5514-41AF-89E5-2966CBFAAA9E}.Debug|Any CPU.ActiveCfg = Debug|Any CPU
		{35327F85-5514-41AF-89E5-2966CBFAAA9E}.Debug|Any CPU.Build.0 = Debug|Any CPU
		{35327F85-5514-41AF-89E5-2966CBFAAA9E}.Release|Any CPU.ActiveCfg = Release|Any CPU
		{35327F85-5514-41AF-89E5-2966CBFAAA9E}.Release|Any CPU.Build.0 = Release|Any CPU
		{721CA056-9769-435F-9100-9F1F435327E6}.Debug|Any CPU.ActiveCfg = Debug|Any CPU
		{721CA056-9769-435F-9100-9F1F435327E6}.Debug|Any CPU.Build.0 = Debug|Any CPU
		{721CA056-9769-435F-9100-9F1F435327E6}.Release|Any CPU.ActiveCfg = Release|Any CPU
		{721CA056-9769-435F-9100-9F1F435327E6}.Release|Any CPU.Build.0 = Release|Any CPU
		{0E694D8E-C4D3-4D06-813D-D5956E548830}.Debug|Any CPU.ActiveCfg = Debug|Any CPU
		{0E694D8E-C4D3-4D06-813D-D5956E548830}.Debug|Any CPU.Build.0 = Debug|Any CPU
		{0E694D8E-C4D3-4D06-813D-D5956E548830}.Release|Any CPU.ActiveCfg = Release|Any CPU
		{0E694D8E-C4D3-4D06-813D-D5956E548830}.Release|Any CPU.Build.0 = Release|Any CPU
		{D07F443E-28F5-48EE-B58A-DD7BFF5F8A4A}.Debug|Any CPU.ActiveCfg = Debug|Any CPU
		{D07F443E-28F5-48EE-B58A-DD7BFF5F8A4A}.Debug|Any CPU.Build.0 = Debug|Any CPU
		{D07F443E-28F5-48EE-B58A-DD7BFF5F8A4A}.Release|Any CPU.ActiveCfg = Release|Any CPU
		{D07F443E-28F5-48EE-B58A-DD7BFF5F8A4A}.Release|Any CPU.Build.0 = Release|Any CPU
		{C27580F0-45E3-4E6A-959D-2B109FA50BE1}.Debug|Any CPU.ActiveCfg = Debug|Any CPU
		{C27580F0-45E3-4E6A-959D-2B109FA50BE1}.Debug|Any CPU.Build.0 = Debug|Any CPU
		{C27580F0-45E3-4E6A-959D-2B109FA50BE1}.Release|Any CPU.ActiveCfg = Release|Any CPU
		{C27580F0-45E3-4E6A-959D-2B109FA50BE1}.Release|Any CPU.Build.0 = Release|Any CPU
		{16701123-3016-4036-9FAD-98ED083BD23A}.Debug|Any CPU.ActiveCfg = Debug|Any CPU
		{16701123-3016-4036-9FAD-98ED083BD23A}.Debug|Any CPU.Build.0 = Debug|Any CPU
		{16701123-3016-4036-9FAD-98ED083BD23A}.Release|Any CPU.ActiveCfg = Release|Any CPU
		{16701123-3016-4036-9FAD-98ED083BD23A}.Release|Any CPU.Build.0 = Release|Any CPU
		{037B9041-99E4-4181-89E8-B0E769343C47}.Debug|Any CPU.ActiveCfg = Debug|Any CPU
		{037B9041-99E4-4181-89E8-B0E769343C47}.Debug|Any CPU.Build.0 = Debug|Any CPU
		{037B9041-99E4-4181-89E8-B0E769343C47}.Release|Any CPU.ActiveCfg = Release|Any CPU
		{037B9041-99E4-4181-89E8-B0E769343C47}.Release|Any CPU.Build.0 = Release|Any CPU
		{089EAE72-A44C-45D6-97CA-C35649A41F1F}.Debug|Any CPU.ActiveCfg = Debug|Any CPU
		{089EAE72-A44C-45D6-97CA-C35649A41F1F}.Debug|Any CPU.Build.0 = Debug|Any CPU
		{089EAE72-A44C-45D6-97CA-C35649A41F1F}.Release|Any CPU.ActiveCfg = Release|Any CPU
		{089EAE72-A44C-45D6-97CA-C35649A41F1F}.Release|Any CPU.Build.0 = Release|Any CPU
		{B0B827E6-6253-4155-BC40-C410D113147B}.Debug|Any CPU.ActiveCfg = Debug|Any CPU
		{B0B827E6-6253-4155-BC40-C410D113147B}.Debug|Any CPU.Build.0 = Debug|Any CPU
		{B0B827E6-6253-4155-BC40-C410D113147B}.Release|Any CPU.ActiveCfg = Release|Any CPU
		{B0B827E6-6253-4155-BC40-C410D113147B}.Release|Any CPU.Build.0 = Release|Any CPU
		{C006D297-1A2F-4A46-9C2B-34887F15ABD6}.Debug|Any CPU.ActiveCfg = Debug|Any CPU
		{C006D297-1A2F-4A46-9C2B-34887F15ABD6}.Debug|Any CPU.Build.0 = Debug|Any CPU
		{C006D297-1A2F-4A46-9C2B-34887F15ABD6}.Release|Any CPU.ActiveCfg = Release|Any CPU
		{C006D297-1A2F-4A46-9C2B-34887F15ABD6}.Release|Any CPU.Build.0 = Release|Any CPU
	EndGlobalSection
	GlobalSection(SolutionProperties) = preSolution
		HideSolutionNode = FALSE
	EndGlobalSection
	GlobalSection(NestedProjects) = preSolution
		{689930BA-8C10-424F-A691-6ADD3B064297} = {597E27C5-0AE5-429C-A2AE-E8B3A657E044}
		{DB36D2C8-C2B0-4DB9-9024-DBB615F105B9} = {597E27C5-0AE5-429C-A2AE-E8B3A657E044}
		{AF535407-F4EB-4B6B-A7DE-A1B272B64CC7} = {DB36D2C8-C2B0-4DB9-9024-DBB615F105B9}
		{611F6C3A-38CE-4FC9-9A83-6FD2B20E51FE} = {AF535407-F4EB-4B6B-A7DE-A1B272B64CC7}
		{800ABE51-AF84-474F-8A88-C9274CAF402F} = {AF535407-F4EB-4B6B-A7DE-A1B272B64CC7}
		{F2630B34-A845-4697-9CD6-6A5C1B1377ED} = {689930BA-8C10-424F-A691-6ADD3B064297}
		{4A12E1B8-1864-44CA-A8C7-B9C90FFAFC19} = {AF535407-F4EB-4B6B-A7DE-A1B272B64CC7}
		{3FDCC295-324F-4EA8-A3D5-A6BD5B481EE8} = {689930BA-8C10-424F-A691-6ADD3B064297}
		{46ECB2E7-5BEA-4099-BAD1-A6158FFA00AB} = {689930BA-8C10-424F-A691-6ADD3B064297}
		{BAA7C64E-366E-479A-8CB1-D5B2D4F41113} = {689930BA-8C10-424F-A691-6ADD3B064297}
		{376134B0-78A8-445A-A084-884C0E51CB5E} = {AF535407-F4EB-4B6B-A7DE-A1B272B64CC7}
		{C5D5EB44-D5A0-4748-8B99-28EAD214FF11} = {689930BA-8C10-424F-A691-6ADD3B064297}
		{C8E0C243-3731-4FE9-B354-6977B17E086F} = {689930BA-8C10-424F-A691-6ADD3B064297}
		{49E29993-9B12-4A4D-9832-34095EFF47DD} = {689930BA-8C10-424F-A691-6ADD3B064297}
		{9C20FD3E-9955-44FD-B756-36CA101CDAA8} = {689930BA-8C10-424F-A691-6ADD3B064297}
		{06C67B76-B0D2-43FD-9BB4-73694D251CB5} = {AF535407-F4EB-4B6B-A7DE-A1B272B64CC7}
		{C9E7D8B3-C21E-4C1A-B330-85E2157DD204} = {AF535407-F4EB-4B6B-A7DE-A1B272B64CC7}
		{F03E7BC8-7320-4FA4-BA23-3622ACD78176} = {689930BA-8C10-424F-A691-6ADD3B064297}
		{97149566-E0C5-47AE-B240-44D7A6720989} = {AF535407-F4EB-4B6B-A7DE-A1B272B64CC7}
		{F4AF12DD-ED5F-4763-A3C1-E8BACA972582} = {DB36D2C8-C2B0-4DB9-9024-DBB615F105B9}
		{C5998365-485F-4ACB-A8C5-A1FC555E1901} = {F4AF12DD-ED5F-4763-A3C1-E8BACA972582}
		{59E5053B-5D0B-48CC-BC84-E641D08BF09D} = {F4AF12DD-ED5F-4763-A3C1-E8BACA972582}
		{65AC66A6-6427-4D66-B18D-11B1D3C22B8D} = {F4AF12DD-ED5F-4763-A3C1-E8BACA972582}
		{3E213084-7904-4DB6-8513-0C6AEDF78F33} = {F4AF12DD-ED5F-4763-A3C1-E8BACA972582}
		{E2E9DD53-779B-4A77-BE7C-7ECE8FC5A7A3} = {F4AF12DD-ED5F-4763-A3C1-E8BACA972582}
		{C91BE21B-C76A-4384-BC85-3C84BA3CF0B9} = {F4AF12DD-ED5F-4763-A3C1-E8BACA972582}
		{258F6C44-67B6-46FA-8970-048F741CC1F3} = {F4AF12DD-ED5F-4763-A3C1-E8BACA972582}
		{98484E49-79C1-480B-98BD-557BB08D85BA} = {DB36D2C8-C2B0-4DB9-9024-DBB615F105B9}
		{FEB91239-8492-4ACF-96B7-91C51674DF1F} = {98484E49-79C1-480B-98BD-557BB08D85BA}
		{641A9EFB-E50A-41FE-B19C-74CA1D83D67B} = {98484E49-79C1-480B-98BD-557BB08D85BA}
		{6F8B49FC-5407-4BDE-962E-79ED5F21B074} = {98484E49-79C1-480B-98BD-557BB08D85BA}
		{BDCEE8D9-57CF-49F8-B30A-4E1FBCDC09ED} = {98484E49-79C1-480B-98BD-557BB08D85BA}
		{35327F85-5514-41AF-89E5-2966CBFAAA9E} = {98484E49-79C1-480B-98BD-557BB08D85BA}
		{721CA056-9769-435F-9100-9F1F435327E6} = {98484E49-79C1-480B-98BD-557BB08D85BA}
		{0E694D8E-C4D3-4D06-813D-D5956E548830} = {98484E49-79C1-480B-98BD-557BB08D85BA}
		{D07F443E-28F5-48EE-B58A-DD7BFF5F8A4A} = {689930BA-8C10-424F-A691-6ADD3B064297}
		{30EDAF6F-B7A5-4087-90B0-3347644AF6E7} = {597E27C5-0AE5-429C-A2AE-E8B3A657E044}
		{FF1F8BE4-05B6-4A03-BDCD-9C1D32DF684A} = {30EDAF6F-B7A5-4087-90B0-3347644AF6E7}
		{C27580F0-45E3-4E6A-959D-2B109FA50BE1} = {FF1F8BE4-05B6-4A03-BDCD-9C1D32DF684A}
		{16701123-3016-4036-9FAD-98ED083BD23A} = {FF1F8BE4-05B6-4A03-BDCD-9C1D32DF684A}
		{037B9041-99E4-4181-89E8-B0E769343C47} = {FF1F8BE4-05B6-4A03-BDCD-9C1D32DF684A}
		{089EAE72-A44C-45D6-97CA-C35649A41F1F} = {FF1F8BE4-05B6-4A03-BDCD-9C1D32DF684A}
		{BA102D60-1B6A-4650-8669-8F3DA2FEC752} = {597E27C5-0AE5-429C-A2AE-E8B3A657E044}
		{EC566CA6-5DAD-4B04-8B0B-44FD52F018F7} = {BA102D60-1B6A-4650-8669-8F3DA2FEC752}
		{B0B827E6-6253-4155-BC40-C410D113147B} = {EC566CA6-5DAD-4B04-8B0B-44FD52F018F7}
		{7A9C048C-28B5-4D25-9DE8-70B799347E82} = {B08F1764-ECB1-4CD9-876E-6DCB03931CE2}
		{B0F934ED-B94A-405B-B793-47E97C1E947F} = {B08F1764-ECB1-4CD9-876E-6DCB03931CE2}
		{E2C417FC-DA0C-4E77-B71B-26A727788882} = {B08F1764-ECB1-4CD9-876E-6DCB03931CE2}
	EndGlobalSection
EndGlobal
