
Microsoft Visual Studio Solution File, Format Version 12.00
Project("{2150E333-8FDC-42A3-9474-1A3956D46DE8}") = "src", "src", "{597E27C5-0AE5-429C-A2AE-E8B3A657E044}"
EndProject
Project("{2150E333-8FDC-42A3-9474-1A3956D46DE8}") = "Cores", "Cores", "{689930BA-8C10-424F-A691-6ADD3B064297}"
EndProject
Project("{2150E333-8FDC-42A3-9474-1A3956D46DE8}") = "Services", "Services", "{DB36D2C8-C2B0-4DB9-9024-DBB615F105B9}"
EndProject
Project("{2150E333-8FDC-42A3-9474-1A3956D46DE8}") = "IdentityService", "IdentityService", "{AF535407-F4EB-4B6B-A7DE-A1B272B64CC7}"
EndProject
Project("{FAE04EC0-301F-11D3-BF4B-00C04F79EFBC}") = "IdentityService.Domain", "src\Services\IdentityService\IdentityService.Domain\IdentityService.Domain.csproj", "{611F6C3A-38CE-4FC9-9A83-6FD2B20E51FE}"
EndProject
Project("{FAE04EC0-301F-11D3-BF4B-00C04F79EFBC}") = "IdentityService.Persistance.Abstract", "src\Services\IdentityService\IdentityService.Persistance.Abstract\IdentityService.Persistance.Abstract.csproj", "{800ABE51-AF84-474F-8A88-C9274CAF402F}"
EndProject
Project("{FAE04EC0-301F-11D3-BF4B-00C04F79EFBC}") = "Core.Persistance", "src\Cores\Core.Persistance\Core.Persistance.csproj", "{F2630B34-A845-4697-9CD6-6A5C1B1377ED}"
EndProject
Project("{FAE04EC0-301F-11D3-BF4B-00C04F79EFBC}") = "IdentityService.Persistance", "src\Services\IdentityService\IdentityService.Persistance\IdentityService.Persistance.csproj", "{4A12E1B8-1864-44CA-A8C7-B9C90FFAFC19}"
EndProject
Project("{FAE04EC0-301F-11D3-BF4B-00C04F79EFBC}") = "Core.WebAPI.Appsettings", "src\Cores\Core.WebAPI.Appsettings\Core.WebAPI.Appsettings.csproj", "{3FDCC295-324F-4EA8-A3D5-A6BD5B481EE8}"
EndProject
Project("{FAE04EC0-301F-11D3-BF4B-00C04F79EFBC}") = "Core.Application", "src\Cores\Core.Application\Core.Application.csproj", "{46ECB2E7-5BEA-4099-BAD1-A6158FFA00AB}"
EndProject
Project("{FAE04EC0-301F-11D3-BF4B-00C04F79EFBC}") = "Core.Security", "src\Cores\Core.Security\Core.Security.csproj", "{BAA7C64E-366E-479A-8CB1-D5B2D4F41113}"
EndProject
Project("{FAE04EC0-301F-11D3-BF4B-00C04F79EFBC}") = "IdentityService.Application", "src\Services\IdentityService\IdentityService.Application\IdentityService.Application.csproj", "{376134B0-78A8-445A-A084-884C0E51CB5E}"
EndProject
Project("{FAE04EC0-301F-11D3-BF4B-00C04F79EFBC}") = "Core.CrossCuttingConcerns", "src\Cores\Core.CrossCuttingConcerns\Core.CrossCuttingConcerns.csproj", "{C5D5EB44-D5A0-4748-8B99-28EAD214FF11}"
EndProject
Project("{FAE04EC0-301F-11D3-BF4B-00C04F79EFBC}") = "Core.ElasticSearch", "src\Cores\Core.ElasticSearch\Core.ElasticSearch.csproj", "{C8E0C243-3731-4FE9-B354-6977B17E086F}"
EndProject
Project("{FAE04EC0-301F-11D3-BF4B-00C04F79EFBC}") = "Core.Mailing", "src\Cores\Core.Mailing\Core.Mailing.csproj", "{49E29993-9B12-4A4D-9832-34095EFF47DD}"
EndProject
Project("{FAE04EC0-301F-11D3-BF4B-00C04F79EFBC}") = "Core.Mailing.MailKit", "src\Cores\Core.Mailing.MailKit\Core.Mailing.MailKit.csproj", "{9C20FD3E-9955-44FD-B756-36CA101CDAA8}"
EndProject
Project("{FAE04EC0-301F-11D3-BF4B-00C04F79EFBC}") = "IdentityService.Api", "src\Services\IdentityService\IdentityService.Api\IdentityService.Api.csproj", "{06C67B76-B0D2-43FD-9BB4-73694D251CB5}"
EndProject
Project("{FAE04EC0-301F-11D3-BF4B-00C04F79EFBC}") = "IdentityService.Bootstrapper", "src\Services\IdentityService\IdentityService.Bootstrapper\IdentityService.Bootstrapper.csproj", "{C9E7D8B3-C21E-4C1A-B330-85E2157DD204}"
EndProject
Project("{FAE04EC0-301F-11D3-BF4B-00C04F79EFBC}") = "Core.Api", "src\Cores\Core.Api\Core.Api.csproj", "{F03E7BC8-7320-4FA4-BA23-3622ACD78176}"
EndProject
Project("{FAE04EC0-301F-11D3-BF4B-00C04F79EFBC}") = "IdentityService.Api.ServiceRegistration", "src\Services\IdentityService\IdentityService.Api.ServiceRegistration\IdentityService.Api.ServiceRegistration.csproj", "{97149566-E0C5-47AE-B240-44D7A6720989}"
EndProject
Project("{FAE04EC0-301F-11D3-BF4B-00C04F79EFBC}") = "Core.Redis", "Core.Redis\Core.Redis.csproj", "{B333A76D-9733-401E-B73B-98D5CF012C25}"
EndProject
Global
	GlobalSection(SolutionConfigurationPlatforms) = preSolution
		Debug|Any CPU = Debug|Any CPU
		Release|Any CPU = Release|Any CPU
	EndGlobalSection
	GlobalSection(NestedProjects) = preSolution
		{689930BA-8C10-424F-A691-6ADD3B064297} = {597E27C5-0AE5-429C-A2AE-E8B3A657E044}
		{DB36D2C8-C2B0-4DB9-9024-DBB615F105B9} = {597E27C5-0AE5-429C-A2AE-E8B3A657E044}
		{AF535407-F4EB-4B6B-A7DE-A1B272B64CC7} = {DB36D2C8-C2B0-4DB9-9024-DBB615F105B9}
		{611F6C3A-38CE-4FC9-9A83-6FD2B20E51FE} = {AF535407-F4EB-4B6B-A7DE-A1B272B64CC7}
		{800ABE51-AF84-474F-8A88-C9274CAF402F} = {AF535407-F4EB-4B6B-A7DE-A1B272B64CC7}
		{F2630B34-A845-4697-9CD6-6A5C1B1377ED} = {689930BA-8C10-424F-A691-6ADD3B064297}
		{4A12E1B8-1864-44CA-A8C7-B9C90FFAFC19} = {AF535407-F4EB-4B6B-A7DE-A1B272B64CC7}
		{3FDCC295-324F-4EA8-A3D5-A6BD5B481EE8} = {689930BA-8C10-424F-A691-6ADD3B064297}
		{46ECB2E7-5BEA-4099-BAD1-A6158FFA00AB} = {689930BA-8C10-424F-A691-6ADD3B064297}
		{BAA7C64E-366E-479A-8CB1-D5B2D4F41113} = {689930BA-8C10-424F-A691-6ADD3B064297}
		{376134B0-78A8-445A-A084-884C0E51CB5E} = {AF535407-F4EB-4B6B-A7DE-A1B272B64CC7}
		{C5D5EB44-D5A0-4748-8B99-28EAD214FF11} = {689930BA-8C10-424F-A691-6ADD3B064297}
		{C8E0C243-3731-4FE9-B354-6977B17E086F} = {689930BA-8C10-424F-A691-6ADD3B064297}
		{49E29993-9B12-4A4D-9832-34095EFF47DD} = {689930BA-8C10-424F-A691-6ADD3B064297}
		{9C20FD3E-9955-44FD-B756-36CA101CDAA8} = {689930BA-8C10-424F-A691-6ADD3B064297}
		{06C67B76-B0D2-43FD-9BB4-73694D251CB5} = {AF535407-F4EB-4B6B-A7DE-A1B272B64CC7}
		{C9E7D8B3-C21E-4C1A-B330-85E2157DD204} = {AF535407-F4EB-4B6B-A7DE-A1B272B64CC7}
		{F03E7BC8-7320-4FA4-BA23-3622ACD78176} = {689930BA-8C10-424F-A691-6ADD3B064297}
		{97149566-E0C5-47AE-B240-44D7A6720989} = {AF535407-F4EB-4B6B-A7DE-A1B272B64CC7}
		{B333A76D-9733-401E-B73B-98D5CF012C25} = {689930BA-8C10-424F-A691-6ADD3B064297}
	EndGlobalSection
	GlobalSection(ProjectConfigurationPlatforms) = postSolution
		{611F6C3A-38CE-4FC9-9A83-6FD2B20E51FE}.Debug|Any CPU.ActiveCfg = Debug|Any CPU
		{611F6C3A-38CE-4FC9-9A83-6FD2B20E51FE}.Debug|Any CPU.Build.0 = Debug|Any CPU
		{611F6C3A-38CE-4FC9-9A83-6FD2B20E51FE}.Release|Any CPU.ActiveCfg = Release|Any CPU
		{611F6C3A-38CE-4FC9-9A83-6FD2B20E51FE}.Release|Any CPU.Build.0 = Release|Any CPU
		{800ABE51-AF84-474F-8A88-C9274CAF402F}.Debug|Any CPU.ActiveCfg = Debug|Any CPU
		{800ABE51-AF84-474F-8A88-C9274CAF402F}.Debug|Any CPU.Build.0 = Debug|Any CPU
		{800ABE51-AF84-474F-8A88-C9274CAF402F}.Release|Any CPU.ActiveCfg = Release|Any CPU
		{800ABE51-AF84-474F-8A88-C9274CAF402F}.Release|Any CPU.Build.0 = Release|Any CPU
		{F2630B34-A845-4697-9CD6-6A5C1B1377ED}.Debug|Any CPU.ActiveCfg = Debug|Any CPU
		{F2630B34-A845-4697-9CD6-6A5C1B1377ED}.Debug|Any CPU.Build.0 = Debug|Any CPU
		{F2630B34-A845-4697-9CD6-6A5C1B1377ED}.Release|Any CPU.ActiveCfg = Release|Any CPU
		{F2630B34-A845-4697-9CD6-6A5C1B1377ED}.Release|Any CPU.Build.0 = Release|Any CPU
		{4A12E1B8-1864-44CA-A8C7-B9C90FFAFC19}.Debug|Any CPU.ActiveCfg = Debug|Any CPU
		{4A12E1B8-1864-44CA-A8C7-B9C90FFAFC19}.Debug|Any CPU.Build.0 = Debug|Any CPU
		{4A12E1B8-1864-44CA-A8C7-B9C90FFAFC19}.Release|Any CPU.ActiveCfg = Release|Any CPU
		{4A12E1B8-1864-44CA-A8C7-B9C90FFAFC19}.Release|Any CPU.Build.0 = Release|Any CPU
		{3FDCC295-324F-4EA8-A3D5-A6BD5B481EE8}.Debug|Any CPU.ActiveCfg = Debug|Any CPU
		{3FDCC295-324F-4EA8-A3D5-A6BD5B481EE8}.Debug|Any CPU.Build.0 = Debug|Any CPU
		{3FDCC295-324F-4EA8-A3D5-A6BD5B481EE8}.Release|Any CPU.ActiveCfg = Release|Any CPU
		{3FDCC295-324F-4EA8-A3D5-A6BD5B481EE8}.Release|Any CPU.Build.0 = Release|Any CPU
		{46ECB2E7-5BEA-4099-BAD1-A6158FFA00AB}.Debug|Any CPU.ActiveCfg = Debug|Any CPU
		{46ECB2E7-5BEA-4099-BAD1-A6158FFA00AB}.Debug|Any CPU.Build.0 = Debug|Any CPU
		{46ECB2E7-5BEA-4099-BAD1-A6158FFA00AB}.Release|Any CPU.ActiveCfg = Release|Any CPU
		{46ECB2E7-5BEA-4099-BAD1-A6158FFA00AB}.Release|Any CPU.Build.0 = Release|Any CPU
		{BAA7C64E-366E-479A-8CB1-D5B2D4F41113}.Debug|Any CPU.ActiveCfg = Debug|Any CPU
		{BAA7C64E-366E-479A-8CB1-D5B2D4F41113}.Debug|Any CPU.Build.0 = Debug|Any CPU
		{BAA7C64E-366E-479A-8CB1-D5B2D4F41113}.Release|Any CPU.ActiveCfg = Release|Any CPU
		{BAA7C64E-366E-479A-8CB1-D5B2D4F41113}.Release|Any CPU.Build.0 = Release|Any CPU
		{376134B0-78A8-445A-A084-884C0E51CB5E}.Debug|Any CPU.ActiveCfg = Debug|Any CPU
		{376134B0-78A8-445A-A084-884C0E51CB5E}.Debug|Any CPU.Build.0 = Debug|Any CPU
		{376134B0-78A8-445A-A084-884C0E51CB5E}.Release|Any CPU.ActiveCfg = Release|Any CPU
		{376134B0-78A8-445A-A084-884C0E51CB5E}.Release|Any CPU.Build.0 = Release|Any CPU
		{C5D5EB44-D5A0-4748-8B99-28EAD214FF11}.Debug|Any CPU.ActiveCfg = Debug|Any CPU
		{C5D5EB44-D5A0-4748-8B99-28EAD214FF11}.Debug|Any CPU.Build.0 = Debug|Any CPU
		{C5D5EB44-D5A0-4748-8B99-28EAD214FF11}.Release|Any CPU.ActiveCfg = Release|Any CPU
		{C5D5EB44-D5A0-4748-8B99-28EAD214FF11}.Release|Any CPU.Build.0 = Release|Any CPU
		{C8E0C243-3731-4FE9-B354-6977B17E086F}.Debug|Any CPU.ActiveCfg = Debug|Any CPU
		{C8E0C243-3731-4FE9-B354-6977B17E086F}.Debug|Any CPU.Build.0 = Debug|Any CPU
		{C8E0C243-3731-4FE9-B354-6977B17E086F}.Release|Any CPU.ActiveCfg = Release|Any CPU
		{C8E0C243-3731-4FE9-B354-6977B17E086F}.Release|Any CPU.Build.0 = Release|Any CPU
		{49E29993-9B12-4A4D-9832-34095EFF47DD}.Debug|Any CPU.ActiveCfg = Debug|Any CPU
		{49E29993-9B12-4A4D-9832-34095EFF47DD}.Debug|Any CPU.Build.0 = Debug|Any CPU
		{49E29993-9B12-4A4D-9832-34095EFF47DD}.Release|Any CPU.ActiveCfg = Release|Any CPU
		{49E29993-9B12-4A4D-9832-34095EFF47DD}.Release|Any CPU.Build.0 = Release|Any CPU
		{9C20FD3E-9955-44FD-B756-36CA101CDAA8}.Debug|Any CPU.ActiveCfg = Debug|Any CPU
		{9C20FD3E-9955-44FD-B756-36CA101CDAA8}.Debug|Any CPU.Build.0 = Debug|Any CPU
		{9C20FD3E-9955-44FD-B756-36CA101CDAA8}.Release|Any CPU.ActiveCfg = Release|Any CPU
		{9C20FD3E-9955-44FD-B756-36CA101CDAA8}.Release|Any CPU.Build.0 = Release|Any CPU
		{06C67B76-B0D2-43FD-9BB4-73694D251CB5}.Debug|Any CPU.ActiveCfg = Debug|Any CPU
		{06C67B76-B0D2-43FD-9BB4-73694D251CB5}.Debug|Any CPU.Build.0 = Debug|Any CPU
		{06C67B76-B0D2-43FD-9BB4-73694D251CB5}.Release|Any CPU.ActiveCfg = Release|Any CPU
		{06C67B76-B0D2-43FD-9BB4-73694D251CB5}.Release|Any CPU.Build.0 = Release|Any CPU
		{C9E7D8B3-C21E-4C1A-B330-85E2157DD204}.Debug|Any CPU.ActiveCfg = Debug|Any CPU
		{C9E7D8B3-C21E-4C1A-B330-85E2157DD204}.Debug|Any CPU.Build.0 = Debug|Any CPU
		{C9E7D8B3-C21E-4C1A-B330-85E2157DD204}.Release|Any CPU.ActiveCfg = Release|Any CPU
		{C9E7D8B3-C21E-4C1A-B330-85E2157DD204}.Release|Any CPU.Build.0 = Release|Any CPU
		{F03E7BC8-7320-4FA4-BA23-3622ACD78176}.Debug|Any CPU.ActiveCfg = Debug|Any CPU
		{F03E7BC8-7320-4FA4-BA23-3622ACD78176}.Debug|Any CPU.Build.0 = Debug|Any CPU
		{F03E7BC8-7320-4FA4-BA23-3622ACD78176}.Release|Any CPU.ActiveCfg = Release|Any CPU
		{F03E7BC8-7320-4FA4-BA23-3622ACD78176}.Release|Any CPU.Build.0 = Release|Any CPU
		{97149566-E0C5-47AE-B240-44D7A6720989}.Debug|Any CPU.ActiveCfg = Debug|Any CPU
		{97149566-E0C5-47AE-B240-44D7A6720989}.Debug|Any CPU.Build.0 = Debug|Any CPU
		{97149566-E0C5-47AE-B240-44D7A6720989}.Release|Any CPU.ActiveCfg = Release|Any CPU
		{97149566-E0C5-47AE-B240-44D7A6720989}.Release|Any CPU.Build.0 = Release|Any CPU
		{B333A76D-9733-401E-B73B-98D5CF012C25}.Debug|Any CPU.ActiveCfg = Debug|Any CPU
		{B333A76D-9733-401E-B73B-98D5CF012C25}.Debug|Any CPU.Build.0 = Debug|Any CPU
		{B333A76D-9733-401E-B73B-98D5CF012C25}.Release|Any CPU.ActiveCfg = Release|Any CPU
		{B333A76D-9733-401E-B73B-98D5CF012C25}.Release|Any CPU.Build.0 = Release|Any CPU
	EndGlobalSection
EndGlobal
